
Microsoft Visual Studio Solution File, Format Version 12.00
# Visual Studio 15
VisualStudioVersion = 15.0.28307.2017
MinimumVisualStudioVersion = 10.0.40219.1
Project("{FAE04EC0-301F-11D3-BF4B-00C04F79EFBC}") = "POCSamples", "POCSamples\POCSamples.csproj", "{48391F14-8148-4C1F-81F3-93ADC12C3C04}"
EndProject
Global
	GlobalSection(SolutionConfigurationPlatforms) = preSolution
		Debug|Any CPU = Debug|Any CPU
		Release|Any CPU = Release|Any CPU
	EndGlobalSection
	GlobalSection(ProjectConfigurationPlatforms) = postSolution
		{48391F14-8148-4C1F-81F3-93ADC12C3C04}.Debug|Any CPU.ActiveCfg = Debug|Any CPU
		{48391F14-8148-4C1F-81F3-93ADC12C3C04}.Debug|Any CPU.Build.0 = Debug|Any CPU
		{48391F14-8148-4C1F-81F3-93ADC12C3C04}.Release|Any CPU.ActiveCfg = Release|Any CPU
		{48391F14-8148-4C1F-81F3-93ADC12C3C04}.Release|Any CPU.Build.0 = Release|Any CPU
	EndGlobalSection
	GlobalSection(SolutionProperties) = preSolution
		HideSolutionNode = FALSE
	EndGlobalSection
	GlobalSection(ExtensibilityGlobals) = postSolution
		SolutionGuid = {90EE16BF-705E-4D84-BA5F-C85D1F86E6A5}
	EndGlobalSection
EndGlobal
